
Microsoft Visual Studio Solution File, Format Version 12.00
# Visual Studio 2012
Project("{FAE04EC0-301F-11D3-BF4B-00C04F79EFBC}") = "Portfolio1", "Portfolio1\Portfolio1.csproj", "{327B35F8-51F7-497F-8F52-42D91740C925}"
EndProject
Global
	GlobalSection(SolutionConfigurationPlatforms) = preSolution
		Debug|Any CPU = Debug|Any CPU
		Release|Any CPU = Release|Any CPU
	EndGlobalSection
	GlobalSection(ProjectConfigurationPlatforms) = postSolution
		{327B35F8-51F7-497F-8F52-42D91740C925}.Debug|Any CPU.ActiveCfg = Debug|Any CPU
		{327B35F8-51F7-497F-8F52-42D91740C925}.Debug|Any CPU.Build.0 = Debug|Any CPU
		{327B35F8-51F7-497F-8F52-42D91740C925}.Release|Any CPU.ActiveCfg = Release|Any CPU
		{327B35F8-51F7-497F-8F52-42D91740C925}.Release|Any CPU.Build.0 = Release|Any CPU
	EndGlobalSection
	GlobalSection(SolutionProperties) = preSolution
		HideSolutionNode = FALSE
	EndGlobalSection
EndGlobal
